
Microsoft Visual Studio Solution File, Format Version 12.00
# Visual Studio 15
VisualStudioVersion = 15.0.26730.12
MinimumVisualStudioVersion = 10.0.40219.1
Project("{FAE04EC0-301F-11D3-BF4B-00C04F79EFBC}") = "InheritanceDemo", "InheritanceDemo\InheritanceDemo.csproj", "{FB41C22E-2A1E-448E-B9EF-FD5C3C1DDF26}"
EndProject
Global
	GlobalSection(SolutionConfigurationPlatforms) = preSolution
		Debug|Any CPU = Debug|Any CPU
		Release|Any CPU = Release|Any CPU
	EndGlobalSection
	GlobalSection(ProjectConfigurationPlatforms) = postSolution
		{FB41C22E-2A1E-448E-B9EF-FD5C3C1DDF26}.Debug|Any CPU.ActiveCfg = Debug|Any CPU
		{FB41C22E-2A1E-448E-B9EF-FD5C3C1DDF26}.Debug|Any CPU.Build.0 = Debug|Any CPU
		{FB41C22E-2A1E-448E-B9EF-FD5C3C1DDF26}.Release|Any CPU.ActiveCfg = Release|Any CPU
		{FB41C22E-2A1E-448E-B9EF-FD5C3C1DDF26}.Release|Any CPU.Build.0 = Release|Any CPU
	EndGlobalSection
	GlobalSection(SolutionProperties) = preSolution
		HideSolutionNode = FALSE
	EndGlobalSection
	GlobalSection(ExtensibilityGlobals) = postSolution
		SolutionGuid = {35A6528D-C6C2-4202-A500-B72B3E02BC30}
	EndGlobalSection
EndGlobal
